{
  "object": {
    "pins": [
      {
        "package": "SystemNotification",
        "repositoryURL": "https://github.com/danielsaidi/SystemNotification.git",
        "state": {
          "branch": "master",
          "revision": "ed653a9f5955fcf9676c4d6f27792c665029a119",
          "version": null
        }
      }
    ]
  },
  "version": 1
}
