{
  "object": {
    "pins": [
      {
        "package": "SystemNotification",
        "repositoryURL": "https://github.com/danielsaidi/SystemNotification.git",
        "state": {
          "branch": null,
          "revision": "5aca91a444f14335239999a44ec8e432884b50d8",
          "version": "0.4.0"
        }
      }
    ]
  },
  "version": 1
}
