// !$*UTF8*$!
{
	archiveVersion = 1;
	classes = {
	};
	objectVersion = 52;
	objects = {

/* Begin PBXBuildFile section */
		A9020841266F60D1005C4718 /* Image+Demo.swift in Sources */ = {isa = PBXBuildFile; fileRef = A9020840266F60D1005C4718 /* Image+Demo.swift */; };
		A9020842266F618B005C4718 /* Localizable.strings in Resources */ = {isa = PBXBuildFile; fileRef = A9020844266F618B005C4718 /* Localizable.strings */; };
		A99ABACA2666DB9000525C8B /* DemoApp.swift in Sources */ = {isa = PBXBuildFile; fileRef = A99ABAC92666DB9000525C8B /* DemoApp.swift */; };
		A99ABACC2666DB9000525C8B /* ContentView.swift in Sources */ = {isa = PBXBuildFile; fileRef = A99ABACB2666DB9000525C8B /* ContentView.swift */; };
		A99ABACE2666DB9400525C8B /* Assets.xcassets in Resources */ = {isa = PBXBuildFile; fileRef = A99ABACD2666DB9400525C8B /* Assets.xcassets */; };
		A99ABAD12666DB9400525C8B /* Preview Assets.xcassets in Resources */ = {isa = PBXBuildFile; fileRef = A99ABAD02666DB9400525C8B /* Preview Assets.xcassets */; };
		A99ABADA2666DC1D00525C8B /* SystemNotification in Frameworks */ = {isa = PBXBuildFile; productRef = A99ABAD92666DC1D00525C8B /* SystemNotification */; };
		A99F86FA266AB00500E4EFF7 /* DemoNotification.swift in Sources */ = {isa = PBXBuildFile; fileRef = A99F86F9266AB00500E4EFF7 /* DemoNotification.swift */; };
/* End PBXBuildFile section */

/* Begin PBXFileReference section */
		A9020840266F60D1005C4718 /* Image+Demo.swift */ = {isa = PBXFileReference; lastKnownFileType = sourcecode.swift; path = "Image+Demo.swift"; sourceTree = "<group>"; };
		A9020843266F618B005C4718 /* en */ = {isa = PBXFileReference; lastKnownFileType = text.plist.strings; name = en; path = en.lproj/Localizable.strings; sourceTree = "<group>"; };
		A99ABAC62666DB9000525C8B /* Demo.app */ = {isa = PBXFileReference; explicitFileType = wrapper.application; includeInIndex = 0; path = Demo.app; sourceTree = BUILT_PRODUCTS_DIR; };
		A99ABAC92666DB9000525C8B /* DemoApp.swift */ = {isa = PBXFileReference; lastKnownFileType = sourcecode.swift; path = DemoApp.swift; sourceTree = "<group>"; };
		A99ABACB2666DB9000525C8B /* ContentView.swift */ = {isa = PBXFileReference; lastKnownFileType = sourcecode.swift; path = ContentView.swift; sourceTree = "<group>"; };
		A99ABACD2666DB9400525C8B /* Assets.xcassets */ = {isa = PBXFileReference; lastKnownFileType = folder.assetcatalog; path = Assets.xcassets; sourceTree = "<group>"; };
		A99ABAD02666DB9400525C8B /* Preview Assets.xcassets */ = {isa = PBXFileReference; lastKnownFileType = folder.assetcatalog; path = "Preview Assets.xcassets"; sourceTree = "<group>"; };
		A99ABAD22666DB9400525C8B /* Info.plist */ = {isa = PBXFileReference; lastKnownFileType = text.plist.xml; path = Info.plist; sourceTree = "<group>"; };
		A99F86F9266AB00500E4EFF7 /* DemoNotification.swift */ = {isa = PBXFileReference; fileEncoding = 4; lastKnownFileType = sourcecode.swift; path = DemoNotification.swift; sourceTree = "<group>"; };
/* End PBXFileReference section */

/* Begin PBXFrameworksBuildPhase section */
		A99ABAC32666DB9000525C8B /* Frameworks */ = {
			isa = PBXFrameworksBuildPhase;
			buildActionMask = 2147483647;
			files = (
				A99ABADA2666DC1D00525C8B /* SystemNotification in Frameworks */,
			);
			runOnlyForDeploymentPostprocessing = 0;
		};
/* End PBXFrameworksBuildPhase section */

/* Begin PBXGroup section */
		A99ABABD2666DB9000525C8B = {
			isa = PBXGroup;
			children = (
				A99ABAC82666DB9000525C8B /* Demo */,
				A99ABAC72666DB9000525C8B /* Products */,
			);
			sourceTree = "<group>";
		};
		A99ABAC72666DB9000525C8B /* Products */ = {
			isa = PBXGroup;
			children = (
				A99ABAC62666DB9000525C8B /* Demo.app */,
			);
			name = Products;
			sourceTree = "<group>";
		};
		A99ABAC82666DB9000525C8B /* Demo */ = {
			isa = PBXGroup;
			children = (
				A99ABACD2666DB9400525C8B /* Assets.xcassets */,
				A99ABACB2666DB9000525C8B /* ContentView.swift */,
				A99ABAC92666DB9000525C8B /* DemoApp.swift */,
				A99F86F9266AB00500E4EFF7 /* DemoNotification.swift */,
				A9020840266F60D1005C4718 /* Image+Demo.swift */,
				A99ABAD22666DB9400525C8B /* Info.plist */,
				A9020844266F618B005C4718 /* Localizable.strings */,
				A99ABACF2666DB9400525C8B /* Preview Content */,
			);
			path = Demo;
			sourceTree = "<group>";
		};
		A99ABACF2666DB9400525C8B /* Preview Content */ = {
			isa = PBXGroup;
			children = (
				A99ABAD02666DB9400525C8B /* Preview Assets.xcassets */,
			);
			path = "Preview Content";
			sourceTree = "<group>";
		};
/* End PBXGroup section */

/* Begin PBXNativeTarget section */
		A99ABAC52666DB9000525C8B /* Demo */ = {
			isa = PBXNativeTarget;
			buildConfigurationList = A99ABAD52666DB9400525C8B /* Build configuration list for PBXNativeTarget "Demo" */;
			buildPhases = (
				A99ABAC22666DB9000525C8B /* Sources */,
				A99ABAC32666DB9000525C8B /* Frameworks */,
				A99ABAC42666DB9000525C8B /* Resources */,
			);
			buildRules = (
			);
			dependencies = (
			);
			name = Demo;
			packageProductDependencies = (
				A99ABAD92666DC1D00525C8B /* SystemNotification */,
			);
			productName = Demo;
			productReference = A99ABAC62666DB9000525C8B /* Demo.app */;
			productType = "com.apple.product-type.application";
		};
/* End PBXNativeTarget section */

/* Begin PBXProject section */
		A99ABABE2666DB9000525C8B /* Project object */ = {
			isa = PBXProject;
			attributes = {
				LastSwiftUpdateCheck = 1250;
				LastUpgradeCheck = 1250;
				ORGANIZATIONNAME = "Daniel Saidi";
				TargetAttributes = {
					A99ABAC52666DB9000525C8B = {
						CreatedOnToolsVersion = 12.5;
					};
				};
			};
			buildConfigurationList = A99ABAC12666DB9000525C8B /* Build configuration list for PBXProject "Demo" */;
			compatibilityVersion = "Xcode 9.3";
			developmentRegion = en;
			hasScannedForEncodings = 0;
			knownRegions = (
				en,
				Base,
			);
			mainGroup = A99ABABD2666DB9000525C8B;
			packageReferences = (
				A99ABAD82666DC1D00525C8B /* XCRemoteSwiftPackageReference "SystemNotification" */,
			);
			productRefGroup = A99ABAC72666DB9000525C8B /* Products */;
			projectDirPath = "";
			projectRoot = "";
			targets = (
				A99ABAC52666DB9000525C8B /* Demo */,
			);
		};
/* End PBXProject section */

/* Begin PBXResourcesBuildPhase section */
		A99ABAC42666DB9000525C8B /* Resources */ = {
			isa = PBXResourcesBuildPhase;
			buildActionMask = 2147483647;
			files = (
				A99ABAD12666DB9400525C8B /* Preview Assets.xcassets in Resources */,
				A9020842266F618B005C4718 /* Localizable.strings in Resources */,
				A99ABACE2666DB9400525C8B /* Assets.xcassets in Resources */,
			);
			runOnlyForDeploymentPostprocessing = 0;
		};
/* End PBXResourcesBuildPhase section */

/* Begin PBXSourcesBuildPhase section */
		A99ABAC22666DB9000525C8B /* Sources */ = {
			isa = PBXSourcesBuildPhase;
			buildActionMask = 2147483647;
			files = (
				A99ABACC2666DB9000525C8B /* ContentView.swift in Sources */,
				A99ABACA2666DB9000525C8B /* DemoApp.swift in Sources */,
				A9020841266F60D1005C4718 /* Image+Demo.swift in Sources */,
				A99F86FA266AB00500E4EFF7 /* DemoNotification.swift in Sources */,
			);
			runOnlyForDeploymentPostprocessing = 0;
		};
/* End PBXSourcesBuildPhase section */

/* Begin PBXVariantGroup section */
		A9020844266F618B005C4718 /* Localizable.strings */ = {
			isa = PBXVariantGroup;
			children = (
				A9020843266F618B005C4718 /* en */,
			);
			name = Localizable.strings;
			sourceTree = "<group>";
		};
/* End PBXVariantGroup section */

/* Begin XCBuildConfiguration section */
		A99ABAD32666DB9400525C8B /* Debug */ = {
			isa = XCBuildConfiguration;
			buildSettings = {
				ALWAYS_SEARCH_USER_PATHS = NO;
				CLANG_ANALYZER_NONNULL = YES;
				CLANG_ANALYZER_NUMBER_OBJECT_CONVERSION = YES_AGGRESSIVE;
				CLANG_CXX_LANGUAGE_STANDARD = "gnu++14";
				CLANG_CXX_LIBRARY = "libc++";
				CLANG_ENABLE_MODULES = YES;
				CLANG_ENABLE_OBJC_ARC = YES;
				CLANG_ENABLE_OBJC_WEAK = YES;
				CLANG_WARN_BLOCK_CAPTURE_AUTORELEASING = YES;
				CLANG_WARN_BOOL_CONVERSION = YES;
				CLANG_WARN_COMMA = YES;
				CLANG_WARN_CONSTANT_CONVERSION = YES;
				CLANG_WARN_DEPRECATED_OBJC_IMPLEMENTATIONS = YES;
				CLANG_WARN_DIRECT_OBJC_ISA_USAGE = YES_ERROR;
				CLANG_WARN_DOCUMENTATION_COMMENTS = YES;
				CLANG_WARN_EMPTY_BODY = YES;
				CLANG_WARN_ENUM_CONVERSION = YES;
				CLANG_WARN_INFINITE_RECURSION = YES;
				CLANG_WARN_INT_CONVERSION = YES;
				CLANG_WARN_NON_LITERAL_NULL_CONVERSION = YES;
				CLANG_WARN_OBJC_IMPLICIT_RETAIN_SELF = YES;
				CLANG_WARN_OBJC_LITERAL_CONVERSION = YES;
				CLANG_WARN_OBJC_ROOT_CLASS = YES_ERROR;
				CLANG_WARN_QUOTED_INCLUDE_IN_FRAMEWORK_HEADER = YES;
				CLANG_WARN_RANGE_LOOP_ANALYSIS = YES;
				CLANG_WARN_STRICT_PROTOTYPES = YES;
				CLANG_WARN_SUSPICIOUS_MOVE = YES;
				CLANG_WARN_UNGUARDED_AVAILABILITY = YES_AGGRESSIVE;
				CLANG_WARN_UNREACHABLE_CODE = YES;
				CLANG_WARN__DUPLICATE_METHOD_MATCH = YES;
				COPY_PHASE_STRIP = NO;
				DEBUG_INFORMATION_FORMAT = dwarf;
				ENABLE_STRICT_OBJC_MSGSEND = YES;
				ENABLE_TESTABILITY = YES;
				GCC_C_LANGUAGE_STANDARD = gnu11;
				GCC_DYNAMIC_NO_PIC = NO;
				GCC_NO_COMMON_BLOCKS = YES;
				GCC_OPTIMIZATION_LEVEL = 0;
				GCC_PREPROCESSOR_DEFINITIONS = (
					"DEBUG=1",
					"$(inherited)",
				);
				GCC_WARN_64_TO_32_BIT_CONVERSION = YES;
				GCC_WARN_ABOUT_RETURN_TYPE = YES_ERROR;
				GCC_WARN_UNDECLARED_SELECTOR = YES;
				GCC_WARN_UNINITIALIZED_AUTOS = YES_AGGRESSIVE;
				GCC_WARN_UNUSED_FUNCTION = YES;
				GCC_WARN_UNUSED_VARIABLE = YES;
				IPHONEOS_DEPLOYMENT_TARGET = 14.5;
				MTL_ENABLE_DEBUG_INFO = INCLUDE_SOURCE;
				MTL_FAST_MATH = YES;
				ONLY_ACTIVE_ARCH = YES;
				SDKROOT = iphoneos;
				SWIFT_ACTIVE_COMPILATION_CONDITIONS = DEBUG;
				SWIFT_OPTIMIZATION_LEVEL = "-Onone";
			};
			name = Debug;
		};
		A99ABAD42666DB9400525C8B /* Release */ = {
			isa = XCBuildConfiguration;
			buildSettings = {
				ALWAYS_SEARCH_USER_PATHS = NO;
				CLANG_ANALYZER_NONNULL = YES;
				CLANG_ANALYZER_NUMBER_OBJECT_CONVERSION = YES_AGGRESSIVE;
				CLANG_CXX_LANGUAGE_STANDARD = "gnu++14";
				CLANG_CXX_LIBRARY = "libc++";
				CLANG_ENABLE_MODULES = YES;
				CLANG_ENABLE_OBJC_ARC = YES;
				CLANG_ENABLE_OBJC_WEAK = YES;
				CLANG_WARN_BLOCK_CAPTURE_AUTORELEASING = YES;
				CLANG_WARN_BOOL_CONVERSION = YES;
				CLANG_WARN_COMMA = YES;
				CLANG_WARN_CONSTANT_CONVERSION = YES;
				CLANG_WARN_DEPRECATED_OBJC_IMPLEMENTATIONS = YES;
				CLANG_WARN_DIRECT_OBJC_ISA_USAGE = YES_ERROR;
				CLANG_WARN_DOCUMENTATION_COMMENTS = YES;
				CLANG_WARN_EMPTY_BODY = YES;
				CLANG_WARN_ENUM_CONVERSION = YES;
				CLANG_WARN_INFINITE_RECURSION = YES;
				CLANG_WARN_INT_CONVERSION = YES;
				CLANG_WARN_NON_LITERAL_NULL_CONVERSION = YES;
				CLANG_WARN_OBJC_IMPLICIT_RETAIN_SELF = YES;
				CLANG_WARN_OBJC_LITERAL_CONVERSION = YES;
				CLANG_WARN_OBJC_ROOT_CLASS = YES_ERROR;
				CLANG_WARN_QUOTED_INCLUDE_IN_FRAMEWORK_HEADER = YES;
				CLANG_WARN_RANGE_LOOP_ANALYSIS = YES;
				CLANG_WARN_STRICT_PROTOTYPES = YES;
				CLANG_WARN_SUSPICIOUS_MOVE = YES;
				CLANG_WARN_UNGUARDED_AVAILABILITY = YES_AGGRESSIVE;
				CLANG_WARN_UNREACHABLE_CODE = YES;
				CLANG_WARN__DUPLICATE_METHOD_MATCH = YES;
				COPY_PHASE_STRIP = NO;
				DEBUG_INFORMATION_FORMAT = "dwarf-with-dsym";
				ENABLE_NS_ASSERTIONS = NO;
				ENABLE_STRICT_OBJC_MSGSEND = YES;
				GCC_C_LANGUAGE_STANDARD = gnu11;
				GCC_NO_COMMON_BLOCKS = YES;
				GCC_WARN_64_TO_32_BIT_CONVERSION = YES;
				GCC_WARN_ABOUT_RETURN_TYPE = YES_ERROR;
				GCC_WARN_UNDECLARED_SELECTOR = YES;
				GCC_WARN_UNINITIALIZED_AUTOS = YES_AGGRESSIVE;
				GCC_WARN_UNUSED_FUNCTION = YES;
				GCC_WARN_UNUSED_VARIABLE = YES;
				IPHONEOS_DEPLOYMENT_TARGET = 14.5;
				MTL_ENABLE_DEBUG_INFO = NO;
				MTL_FAST_MATH = YES;
				SDKROOT = iphoneos;
				SWIFT_COMPILATION_MODE = wholemodule;
				SWIFT_OPTIMIZATION_LEVEL = "-O";
				VALIDATE_PRODUCT = YES;
			};
			name = Release;
		};
		A99ABAD62666DB9400525C8B /* Debug */ = {
			isa = XCBuildConfiguration;
			buildSettings = {
				ASSETCATALOG_COMPILER_APPICON_NAME = AppIcon;
				ASSETCATALOG_COMPILER_GLOBAL_ACCENT_COLOR_NAME = AccentColor;
				CODE_SIGN_STYLE = Automatic;
				DEVELOPMENT_ASSET_PATHS = "\"Demo/Preview Content\"";
				DEVELOPMENT_TEAM = PMEDFW438U;
				ENABLE_PREVIEWS = YES;
				INFOPLIST_FILE = Demo/Info.plist;
				IPHONEOS_DEPLOYMENT_TARGET = 14.0;
				LD_RUNPATH_SEARCH_PATHS = (
					"$(inherited)",
					"@executable_path/Frameworks",
				);
				PRODUCT_BUNDLE_IDENTIFIER = com.danielsaidi.systemnotification.Demo;
				PRODUCT_NAME = "$(TARGET_NAME)";
				SWIFT_VERSION = 5.0;
				TARGETED_DEVICE_FAMILY = "1,2";
			};
			name = Debug;
		};
		A99ABAD72666DB9400525C8B /* Release */ = {
			isa = XCBuildConfiguration;
			buildSettings = {
				ASSETCATALOG_COMPILER_APPICON_NAME = AppIcon;
				ASSETCATALOG_COMPILER_GLOBAL_ACCENT_COLOR_NAME = AccentColor;
				CODE_SIGN_STYLE = Automatic;
				DEVELOPMENT_ASSET_PATHS = "\"Demo/Preview Content\"";
				DEVELOPMENT_TEAM = PMEDFW438U;
				ENABLE_PREVIEWS = YES;
				INFOPLIST_FILE = Demo/Info.plist;
				IPHONEOS_DEPLOYMENT_TARGET = 14.0;
				LD_RUNPATH_SEARCH_PATHS = (
					"$(inherited)",
					"@executable_path/Frameworks",
				);
				PRODUCT_BUNDLE_IDENTIFIER = com.danielsaidi.systemnotification.Demo;
				PRODUCT_NAME = "$(TARGET_NAME)";
				SWIFT_VERSION = 5.0;
				TARGETED_DEVICE_FAMILY = "1,2";
			};
			name = Release;
		};
/* End XCBuildConfiguration section */

/* Begin XCConfigurationList section */
		A99ABAC12666DB9000525C8B /* Build configuration list for PBXProject "Demo" */ = {
			isa = XCConfigurationList;
			buildConfigurations = (
				A99ABAD32666DB9400525C8B /* Debug */,
				A99ABAD42666DB9400525C8B /* Release */,
			);
			defaultConfigurationIsVisible = 0;
			defaultConfigurationName = Release;
		};
		A99ABAD52666DB9400525C8B /* Build configuration list for PBXNativeTarget "Demo" */ = {
			isa = XCConfigurationList;
			buildConfigurations = (
				A99ABAD62666DB9400525C8B /* Debug */,
				A99ABAD72666DB9400525C8B /* Release */,
			);
			defaultConfigurationIsVisible = 0;
			defaultConfigurationName = Release;
		};
/* End XCConfigurationList section */

/* Begin XCRemoteSwiftPackageReference section */
		A99ABAD82666DC1D00525C8B /* XCRemoteSwiftPackageReference "SystemNotification" */ = {
			isa = XCRemoteSwiftPackageReference;
			repositoryURL = "https://github.com/danielsaidi/SystemNotification.git";
			requirement = {
				kind = upToNextMajorVersion;
				minimumVersion = 0.4.0;
			};
		};
/* End XCRemoteSwiftPackageReference section */

/* Begin XCSwiftPackageProductDependency section */
		A99ABAD92666DC1D00525C8B /* SystemNotification */ = {
			isa = XCSwiftPackageProductDependency;
			package = A99ABAD82666DC1D00525C8B /* XCRemoteSwiftPackageReference "SystemNotification" */;
			productName = SystemNotification;
		};
/* End XCSwiftPackageProductDependency section */
	};
	rootObject = A99ABABE2666DB9000525C8B /* Project object */;
}
